
Microsoft Visual Studio Solution File, Format Version 12.00
# Visual Studio Version 17
VisualStudioVersion = 17.10.35027.167
MinimumVisualStudioVersion = 10.0.40219.1
Project("{FAE04EC0-301F-11D3-BF4B-00C04F79EFBC}") = "Move_Field_Before", "Move_Field_Before\Move_Field_Before.csproj", "{D257CFB8-6AB2-43BD-923B-782C193A1647}"
EndProject
Project("{FAE04EC0-301F-11D3-BF4B-00C04F79EFBC}") = "Move_Field_After", "Move_Field_After\Move_Field_After.csproj", "{7408BF22-C4F5-45D4-BD91-E13C2E3265A0}"
EndProject
Global
	GlobalSection(SolutionConfigurationPlatforms) = preSolution
		Debug|Any CPU = Debug|Any CPU
		Release|Any CPU = Release|Any CPU
	EndGlobalSection
	GlobalSection(ProjectConfigurationPlatforms) = postSolution
		{D257CFB8-6AB2-43BD-923B-782C193A1647}.Debug|Any CPU.ActiveCfg = Debug|Any CPU
		{D257CFB8-6AB2-43BD-923B-782C193A1647}.Debug|Any CPU.Build.0 = Debug|Any CPU
		{D257CFB8-6AB2-43BD-923B-782C193A1647}.Release|Any CPU.ActiveCfg = Release|Any CPU
		{D257CFB8-6AB2-43BD-923B-782C193A1647}.Release|Any CPU.Build.0 = Release|Any CPU
		{7408BF22-C4F5-45D4-BD91-E13C2E3265A0}.Debug|Any CPU.ActiveCfg = Debug|Any CPU
		{7408BF22-C4F5-45D4-BD91-E13C2E3265A0}.Debug|Any CPU.Build.0 = Debug|Any CPU
		{7408BF22-C4F5-45D4-BD91-E13C2E3265A0}.Release|Any CPU.ActiveCfg = Release|Any CPU
		{7408BF22-C4F5-45D4-BD91-E13C2E3265A0}.Release|Any CPU.Build.0 = Release|Any CPU
	EndGlobalSection
	GlobalSection(SolutionProperties) = preSolution
		HideSolutionNode = FALSE
	EndGlobalSection
	GlobalSection(ExtensibilityGlobals) = postSolution
		SolutionGuid = {35826DF6-4C5C-441E-A7DF-C4D5FD7BAD60}
	EndGlobalSection
EndGlobal
