
Microsoft Visual Studio Solution File, Format Version 12.00
# Visual Studio Version 17
VisualStudioVersion = 17.11.35312.102
MinimumVisualStudioVersion = 10.0.40219.1
Project("{FAE04EC0-301F-11D3-BF4B-00C04F79EFBC}") = "Before_ChangeReferenceToValue_19", "Before_ChangeReferenceToValue_19\Before_ChangeReferenceToValue_19.csproj", "{EE4879F1-8F27-426E-A4D4-31EFFCBE18A4}"
EndProject
Project("{FAE04EC0-301F-11D3-BF4B-00C04F79EFBC}") = "After_ChangeReferenceToValue_19", "After_ChangeReferenceToValue_19\After_ChangeReferenceToValue_19.csproj", "{5C0DC471-D314-413F-B0DD-EE3B6D3B99C5}"
EndProject
Global
	GlobalSection(SolutionConfigurationPlatforms) = preSolution
		Debug|Any CPU = Debug|Any CPU
		Release|Any CPU = Release|Any CPU
	EndGlobalSection
	GlobalSection(ProjectConfigurationPlatforms) = postSolution
		{EE4879F1-8F27-426E-A4D4-31EFFCBE18A4}.Debug|Any CPU.ActiveCfg = Debug|Any CPU
		{EE4879F1-8F27-426E-A4D4-31EFFCBE18A4}.Debug|Any CPU.Build.0 = Debug|Any CPU
		{EE4879F1-8F27-426E-A4D4-31EFFCBE18A4}.Release|Any CPU.ActiveCfg = Release|Any CPU
		{EE4879F1-8F27-426E-A4D4-31EFFCBE18A4}.Release|Any CPU.Build.0 = Release|Any CPU
		{5C0DC471-D314-413F-B0DD-EE3B6D3B99C5}.Debug|Any CPU.ActiveCfg = Debug|Any CPU
		{5C0DC471-D314-413F-B0DD-EE3B6D3B99C5}.Debug|Any CPU.Build.0 = Debug|Any CPU
		{5C0DC471-D314-413F-B0DD-EE3B6D3B99C5}.Release|Any CPU.ActiveCfg = Release|Any CPU
		{5C0DC471-D314-413F-B0DD-EE3B6D3B99C5}.Release|Any CPU.Build.0 = Release|Any CPU
	EndGlobalSection
	GlobalSection(SolutionProperties) = preSolution
		HideSolutionNode = FALSE
	EndGlobalSection
	GlobalSection(ExtensibilityGlobals) = postSolution
		SolutionGuid = {054B9448-67FB-4813-B32D-AFC792C0534B}
	EndGlobalSection
EndGlobal
