
Microsoft Visual Studio Solution File, Format Version 12.00
# Visual Studio Version 17
VisualStudioVersion = 17.11.35327.3
MinimumVisualStudioVersion = 10.0.40219.1
Project("{FAE04EC0-301F-11D3-BF4B-00C04F79EFBC}") = "After_ReplaceConstructorWithFactoryMethod_52", "After_ReplaceConstructorWithFactoryMethod_52\After_ReplaceConstructorWithFactoryMethod_52.csproj", "{505D01C5-65B9-43FD-A2BC-85B78AD57728}"
EndProject
Global
	GlobalSection(SolutionConfigurationPlatforms) = preSolution
		Debug|Any CPU = Debug|Any CPU
		Release|Any CPU = Release|Any CPU
	EndGlobalSection
	GlobalSection(ProjectConfigurationPlatforms) = postSolution
		{505D01C5-65B9-43FD-A2BC-85B78AD57728}.Debug|Any CPU.ActiveCfg = Debug|Any CPU
		{505D01C5-65B9-43FD-A2BC-85B78AD57728}.Debug|Any CPU.Build.0 = Debug|Any CPU
		{505D01C5-65B9-43FD-A2BC-85B78AD57728}.Release|Any CPU.ActiveCfg = Release|Any CPU
		{505D01C5-65B9-43FD-A2BC-85B78AD57728}.Release|Any CPU.Build.0 = Release|Any CPU
	EndGlobalSection
	GlobalSection(SolutionProperties) = preSolution
		HideSolutionNode = FALSE
	EndGlobalSection
	GlobalSection(ExtensibilityGlobals) = postSolution
		SolutionGuid = {C99693AA-720C-4F90-87FF-0C78C8CBCD83}
	EndGlobalSection
EndGlobal
