
Microsoft Visual Studio Solution File, Format Version 12.00
# Visual Studio Version 17
VisualStudioVersion = 17.10.35027.167
MinimumVisualStudioVersion = 10.0.40219.1
Project("{FAE04EC0-301F-11D3-BF4B-00C04F79EFBC}") = "Before_RemoveSettingMethod_50", "Before_RemoveSettingMethod_50\Before_RemoveSettingMethod_50.csproj", "{43E5E651-46A6-4C10-98FE-DC050D968866}"
EndProject
Global
	GlobalSection(SolutionConfigurationPlatforms) = preSolution
		Debug|Any CPU = Debug|Any CPU
		Release|Any CPU = Release|Any CPU
	EndGlobalSection
	GlobalSection(ProjectConfigurationPlatforms) = postSolution
		{43E5E651-46A6-4C10-98FE-DC050D968866}.Debug|Any CPU.ActiveCfg = Debug|Any CPU
		{43E5E651-46A6-4C10-98FE-DC050D968866}.Debug|Any CPU.Build.0 = Debug|Any CPU
		{43E5E651-46A6-4C10-98FE-DC050D968866}.Release|Any CPU.ActiveCfg = Release|Any CPU
		{43E5E651-46A6-4C10-98FE-DC050D968866}.Release|Any CPU.Build.0 = Release|Any CPU
	EndGlobalSection
	GlobalSection(SolutionProperties) = preSolution
		HideSolutionNode = FALSE
	EndGlobalSection
	GlobalSection(ExtensibilityGlobals) = postSolution
		SolutionGuid = {00B68FE8-4EB7-4F4C-805D-9B23C79D4DE2}
	EndGlobalSection
EndGlobal
