
Microsoft Visual Studio Solution File, Format Version 12.00
# Visual Studio Version 17
VisualStudioVersion = 17.10.35027.167
MinimumVisualStudioVersion = 10.0.40219.1
Project("{FAE04EC0-301F-11D3-BF4B-00C04F79EFBC}") = "Before_HideMethod_51", "Before_HideMethod_51\Before_HideMethod_51.csproj", "{C96D9A5A-AAAF-4477-82BB-7BD0F270130F}"
EndProject
Global
	GlobalSection(SolutionConfigurationPlatforms) = preSolution
		Debug|Any CPU = Debug|Any CPU
		Release|Any CPU = Release|Any CPU
	EndGlobalSection
	GlobalSection(ProjectConfigurationPlatforms) = postSolution
		{C96D9A5A-AAAF-4477-82BB-7BD0F270130F}.Debug|Any CPU.ActiveCfg = Debug|Any CPU
		{C96D9A5A-AAAF-4477-82BB-7BD0F270130F}.Debug|Any CPU.Build.0 = Debug|Any CPU
		{C96D9A5A-AAAF-4477-82BB-7BD0F270130F}.Release|Any CPU.ActiveCfg = Release|Any CPU
		{C96D9A5A-AAAF-4477-82BB-7BD0F270130F}.Release|Any CPU.Build.0 = Release|Any CPU
	EndGlobalSection
	GlobalSection(SolutionProperties) = preSolution
		HideSolutionNode = FALSE
	EndGlobalSection
	GlobalSection(ExtensibilityGlobals) = postSolution
		SolutionGuid = {54260A60-3E01-4E40-ADB1-76F65091259B}
	EndGlobalSection
EndGlobal
