
Microsoft Visual Studio Solution File, Format Version 12.00
# Visual Studio Version 17
VisualStudioVersion = 17.14.36109.1 d17.14
MinimumVisualStudioVersion = 10.0.40219.1
Project("{FAE04EC0-301F-11D3-BF4B-00C04F79EFBC}") = "Before_ExtractMethod_01", "Before_ExtractMethod_01\Before_ExtractMethod_01.csproj", "{899A7B22-F8DC-4272-8A7C-D1594FBBD438}"
EndProject
Project("{FAE04EC0-301F-11D3-BF4B-00C04F79EFBC}") = "After_ExtractMethod_01", "After_ExtractMethod_01\After_ExtractMethod_01.csproj", "{DF4EEFC0-BBF9-4E58-841A-90305AD24A29}"
EndProject
Project("{FAE04EC0-301F-11D3-BF4B-00C04F79EFBC}") = "After_InlineMethod_02", "After_InlineMethod_02\After_InlineMethod_02.csproj", "{DC199396-6808-4EC9-995D-A6A7E07C908B}"
EndProject
Project("{FAE04EC0-301F-11D3-BF4B-00C04F79EFBC}") = "Before_InlineMethod_02", "Before_InlineMethod_02\Before_InlineMethod_02.csproj", "{B75CF117-4E9A-4207-BD3A-84E421F66E07}"
EndProject
Project("{FAE04EC0-301F-11D3-BF4B-00C04F79EFBC}") = "Before_ExtractVariable_03", "Before_ExtractVariable_03\Before_ExtractVariable_03.csproj", "{C9345763-38EA-48FB-8D73-16372883EF8A}"
EndProject
Project("{FAE04EC0-301F-11D3-BF4B-00C04F79EFBC}") = "After_ExtractVariable_03", "After_ExtractVariable_03\After_ExtractVariable_03.csproj", "{22619AF2-01BD-4DC6-926B-C68EC3F0CFA6}"
EndProject
Project("{FAE04EC0-301F-11D3-BF4B-00C04F79EFBC}") = "Before_InlineTemp_04", "Before_InlineTemp_04\Before_InlineTemp_04.csproj", "{9F578951-0619-4664-A7AB-1A4F9D9D51BA}"
EndProject
Project("{FAE04EC0-301F-11D3-BF4B-00C04F79EFBC}") = "After_InlineTemp_04", "After_InlineTemp_04\After_InlineTemp_04.csproj", "{7284A179-A12F-49B1-84C8-598E66A87A30}"
EndProject
Project("{FAE04EC0-301F-11D3-BF4B-00C04F79EFBC}") = "Before_ReplaceTempwithQuery_05", "Before_ReplaceTempwithQuery_05\Before_ReplaceTempwithQuery_05.csproj", "{E30C47C7-B4B9-4A91-8062-B90240705060}"
EndProject
Project("{FAE04EC0-301F-11D3-BF4B-00C04F79EFBC}") = "After_ReplaceTempwithQuery_05", "After_ReplaceTempwithQuery_05\After_ReplaceTempwithQuery_05.csproj", "{B70B551C-9963-46B8-8993-61202DEB33A7}"
EndProject
Project("{FAE04EC0-301F-11D3-BF4B-00C04F79EFBC}") = "Before_SplitTemporaryVariable_06", "Before_SplitTemporaryVariable_06\Before_SplitTemporaryVariable_06.csproj", "{0A6234CB-706A-4179-B576-3BFD90B17C44}"
EndProject
Project("{FAE04EC0-301F-11D3-BF4B-00C04F79EFBC}") = "After_SplitTemporaryVariable_06", "After_SplitTemporaryVariable_06\After_SplitTemporaryVariable_06.csproj", "{38DF3188-B745-40B9-ABBF-112224ED5642}"
EndProject
Global
	GlobalSection(SolutionConfigurationPlatforms) = preSolution
		Debug|Any CPU = Debug|Any CPU
		Release|Any CPU = Release|Any CPU
	EndGlobalSection
	GlobalSection(ProjectConfigurationPlatforms) = postSolution
		{899A7B22-F8DC-4272-8A7C-D1594FBBD438}.Debug|Any CPU.ActiveCfg = Debug|Any CPU
		{899A7B22-F8DC-4272-8A7C-D1594FBBD438}.Debug|Any CPU.Build.0 = Debug|Any CPU
		{899A7B22-F8DC-4272-8A7C-D1594FBBD438}.Release|Any CPU.ActiveCfg = Release|Any CPU
		{899A7B22-F8DC-4272-8A7C-D1594FBBD438}.Release|Any CPU.Build.0 = Release|Any CPU
		{DF4EEFC0-BBF9-4E58-841A-90305AD24A29}.Debug|Any CPU.ActiveCfg = Debug|Any CPU
		{DF4EEFC0-BBF9-4E58-841A-90305AD24A29}.Debug|Any CPU.Build.0 = Debug|Any CPU
		{DF4EEFC0-BBF9-4E58-841A-90305AD24A29}.Release|Any CPU.ActiveCfg = Release|Any CPU
		{DF4EEFC0-BBF9-4E58-841A-90305AD24A29}.Release|Any CPU.Build.0 = Release|Any CPU
		{DC199396-6808-4EC9-995D-A6A7E07C908B}.Debug|Any CPU.ActiveCfg = Debug|Any CPU
		{DC199396-6808-4EC9-995D-A6A7E07C908B}.Debug|Any CPU.Build.0 = Debug|Any CPU
		{DC199396-6808-4EC9-995D-A6A7E07C908B}.Release|Any CPU.ActiveCfg = Release|Any CPU
		{DC199396-6808-4EC9-995D-A6A7E07C908B}.Release|Any CPU.Build.0 = Release|Any CPU
		{B75CF117-4E9A-4207-BD3A-84E421F66E07}.Debug|Any CPU.ActiveCfg = Debug|Any CPU
		{B75CF117-4E9A-4207-BD3A-84E421F66E07}.Debug|Any CPU.Build.0 = Debug|Any CPU
		{B75CF117-4E9A-4207-BD3A-84E421F66E07}.Release|Any CPU.ActiveCfg = Release|Any CPU
		{B75CF117-4E9A-4207-BD3A-84E421F66E07}.Release|Any CPU.Build.0 = Release|Any CPU
		{C9345763-38EA-48FB-8D73-16372883EF8A}.Debug|Any CPU.ActiveCfg = Debug|Any CPU
		{C9345763-38EA-48FB-8D73-16372883EF8A}.Debug|Any CPU.Build.0 = Debug|Any CPU
		{C9345763-38EA-48FB-8D73-16372883EF8A}.Release|Any CPU.ActiveCfg = Release|Any CPU
		{C9345763-38EA-48FB-8D73-16372883EF8A}.Release|Any CPU.Build.0 = Release|Any CPU
		{22619AF2-01BD-4DC6-926B-C68EC3F0CFA6}.Debug|Any CPU.ActiveCfg = Debug|Any CPU
		{22619AF2-01BD-4DC6-926B-C68EC3F0CFA6}.Debug|Any CPU.Build.0 = Debug|Any CPU
		{22619AF2-01BD-4DC6-926B-C68EC3F0CFA6}.Release|Any CPU.ActiveCfg = Release|Any CPU
		{22619AF2-01BD-4DC6-926B-C68EC3F0CFA6}.Release|Any CPU.Build.0 = Release|Any CPU
		{9F578951-0619-4664-A7AB-1A4F9D9D51BA}.Debug|Any CPU.ActiveCfg = Debug|Any CPU
		{9F578951-0619-4664-A7AB-1A4F9D9D51BA}.Debug|Any CPU.Build.0 = Debug|Any CPU
		{9F578951-0619-4664-A7AB-1A4F9D9D51BA}.Release|Any CPU.ActiveCfg = Release|Any CPU
		{9F578951-0619-4664-A7AB-1A4F9D9D51BA}.Release|Any CPU.Build.0 = Release|Any CPU
		{7284A179-A12F-49B1-84C8-598E66A87A30}.Debug|Any CPU.ActiveCfg = Debug|Any CPU
		{7284A179-A12F-49B1-84C8-598E66A87A30}.Debug|Any CPU.Build.0 = Debug|Any CPU
		{7284A179-A12F-49B1-84C8-598E66A87A30}.Release|Any CPU.ActiveCfg = Release|Any CPU
		{7284A179-A12F-49B1-84C8-598E66A87A30}.Release|Any CPU.Build.0 = Release|Any CPU
		{E30C47C7-B4B9-4A91-8062-B90240705060}.Debug|Any CPU.ActiveCfg = Debug|Any CPU
		{E30C47C7-B4B9-4A91-8062-B90240705060}.Debug|Any CPU.Build.0 = Debug|Any CPU
		{E30C47C7-B4B9-4A91-8062-B90240705060}.Release|Any CPU.ActiveCfg = Release|Any CPU
		{E30C47C7-B4B9-4A91-8062-B90240705060}.Release|Any CPU.Build.0 = Release|Any CPU
		{B70B551C-9963-46B8-8993-61202DEB33A7}.Debug|Any CPU.ActiveCfg = Debug|Any CPU
		{B70B551C-9963-46B8-8993-61202DEB33A7}.Debug|Any CPU.Build.0 = Debug|Any CPU
		{B70B551C-9963-46B8-8993-61202DEB33A7}.Release|Any CPU.ActiveCfg = Release|Any CPU
		{B70B551C-9963-46B8-8993-61202DEB33A7}.Release|Any CPU.Build.0 = Release|Any CPU
		{0A6234CB-706A-4179-B576-3BFD90B17C44}.Debug|Any CPU.ActiveCfg = Debug|Any CPU
		{0A6234CB-706A-4179-B576-3BFD90B17C44}.Debug|Any CPU.Build.0 = Debug|Any CPU
		{0A6234CB-706A-4179-B576-3BFD90B17C44}.Release|Any CPU.ActiveCfg = Release|Any CPU
		{0A6234CB-706A-4179-B576-3BFD90B17C44}.Release|Any CPU.Build.0 = Release|Any CPU
		{38DF3188-B745-40B9-ABBF-112224ED5642}.Debug|Any CPU.ActiveCfg = Debug|Any CPU
		{38DF3188-B745-40B9-ABBF-112224ED5642}.Debug|Any CPU.Build.0 = Debug|Any CPU
		{38DF3188-B745-40B9-ABBF-112224ED5642}.Release|Any CPU.ActiveCfg = Release|Any CPU
		{38DF3188-B745-40B9-ABBF-112224ED5642}.Release|Any CPU.Build.0 = Release|Any CPU
	EndGlobalSection
	GlobalSection(SolutionProperties) = preSolution
		HideSolutionNode = FALSE
	EndGlobalSection
	GlobalSection(ExtensibilityGlobals) = postSolution
		SolutionGuid = {FAB61CDD-5093-4F2E-9578-CFBBF86C257D}
	EndGlobalSection
EndGlobal
