
Microsoft Visual Studio Solution File, Format Version 12.00
# Visual Studio Version 17
VisualStudioVersion = 17.10.35027.167
MinimumVisualStudioVersion = 10.0.40219.1
Project("{FAE04EC0-301F-11D3-BF4B-00C04F79EFBC}") = "Remove_Assignments_to_Parameters_After", "Remove_Assignments_to_Parameters_After\Remove_Assignments_to_Parameters_After.csproj", "{8D7CE2B8-A34A-4E61-AD7B-C1B953A9D613}"
EndProject
Project("{FAE04EC0-301F-11D3-BF4B-00C04F79EFBC}") = "Remove_Assignments_to_Parameters_Before", "Remove_Assignments_to_Parameters_Before\Remove_Assignments_to_Parameters_Before.csproj", "{F63E2D87-F540-48F0-A101-95142222F00E}"
EndProject
Global
	GlobalSection(SolutionConfigurationPlatforms) = preSolution
		Debug|Any CPU = Debug|Any CPU
		Release|Any CPU = Release|Any CPU
	EndGlobalSection
	GlobalSection(ProjectConfigurationPlatforms) = postSolution
		{8D7CE2B8-A34A-4E61-AD7B-C1B953A9D613}.Debug|Any CPU.ActiveCfg = Debug|Any CPU
		{8D7CE2B8-A34A-4E61-AD7B-C1B953A9D613}.Debug|Any CPU.Build.0 = Debug|Any CPU
		{8D7CE2B8-A34A-4E61-AD7B-C1B953A9D613}.Release|Any CPU.ActiveCfg = Release|Any CPU
		{8D7CE2B8-A34A-4E61-AD7B-C1B953A9D613}.Release|Any CPU.Build.0 = Release|Any CPU
		{F63E2D87-F540-48F0-A101-95142222F00E}.Debug|Any CPU.ActiveCfg = Debug|Any CPU
		{F63E2D87-F540-48F0-A101-95142222F00E}.Debug|Any CPU.Build.0 = Debug|Any CPU
		{F63E2D87-F540-48F0-A101-95142222F00E}.Release|Any CPU.ActiveCfg = Release|Any CPU
		{F63E2D87-F540-48F0-A101-95142222F00E}.Release|Any CPU.Build.0 = Release|Any CPU
	EndGlobalSection
	GlobalSection(SolutionProperties) = preSolution
		HideSolutionNode = FALSE
	EndGlobalSection
	GlobalSection(ExtensibilityGlobals) = postSolution
		SolutionGuid = {97B480E1-C604-4F53-B45D-D788D21AF9C8}
	EndGlobalSection
EndGlobal
