
Microsoft Visual Studio Solution File, Format Version 12.00
# Visual Studio Version 17
VisualStudioVersion = 17.10.35027.167
MinimumVisualStudioVersion = 10.0.40219.1
Project("{FAE04EC0-301F-11D3-BF4B-00C04F79EFBC}") = "Before_ReplaceSubclassWithFields_31", "Before_ReplaceSubclassWithFields_31\Before_ReplaceSubclassWithFields_31.csproj", "{2CEFCEE4-25D1-4332-A3CF-5E466D617710}"
EndProject
Global
	GlobalSection(SolutionConfigurationPlatforms) = preSolution
		Debug|Any CPU = Debug|Any CPU
		Release|Any CPU = Release|Any CPU
	EndGlobalSection
	GlobalSection(ProjectConfigurationPlatforms) = postSolution
		{2CEFCEE4-25D1-4332-A3CF-5E466D617710}.Debug|Any CPU.ActiveCfg = Debug|Any CPU
		{2CEFCEE4-25D1-4332-A3CF-5E466D617710}.Debug|Any CPU.Build.0 = Debug|Any CPU
		{2CEFCEE4-25D1-4332-A3CF-5E466D617710}.Release|Any CPU.ActiveCfg = Release|Any CPU
		{2CEFCEE4-25D1-4332-A3CF-5E466D617710}.Release|Any CPU.Build.0 = Release|Any CPU
	EndGlobalSection
	GlobalSection(SolutionProperties) = preSolution
		HideSolutionNode = FALSE
	EndGlobalSection
	GlobalSection(ExtensibilityGlobals) = postSolution
		SolutionGuid = {5318156B-00C5-412C-A7AE-55036CC2DD32}
	EndGlobalSection
EndGlobal
