
Microsoft Visual Studio Solution File, Format Version 12.00
# Visual Studio Version 17
VisualStudioVersion = 17.10.35027.167
MinimumVisualStudioVersion = 10.0.40219.1
Project("{FAE04EC0-301F-11D3-BF4B-00C04F79EFBC}") = "Remove_Control_Flag_37_After", "Remove_Control_Flag_37\Remove_Control_Flag_37_After.csproj", "{013BDC4E-DE36-4BE3-BB2B-4D57175719D7}"
EndProject
Project("{FAE04EC0-301F-11D3-BF4B-00C04F79EFBC}") = "Remove_Control_Flag_37_Before", "Remove_Control_Flag_37_Before\Remove_Control_Flag_37_Before.csproj", "{F8F59EF9-2C61-4407-AFAF-35388D32F90B}"
EndProject
Global
	GlobalSection(SolutionConfigurationPlatforms) = preSolution
		Debug|Any CPU = Debug|Any CPU
		Release|Any CPU = Release|Any CPU
	EndGlobalSection
	GlobalSection(ProjectConfigurationPlatforms) = postSolution
		{013BDC4E-DE36-4BE3-BB2B-4D57175719D7}.Debug|Any CPU.ActiveCfg = Debug|Any CPU
		{013BDC4E-DE36-4BE3-BB2B-4D57175719D7}.Debug|Any CPU.Build.0 = Debug|Any CPU
		{013BDC4E-DE36-4BE3-BB2B-4D57175719D7}.Release|Any CPU.ActiveCfg = Release|Any CPU
		{013BDC4E-DE36-4BE3-BB2B-4D57175719D7}.Release|Any CPU.Build.0 = Release|Any CPU
		{F8F59EF9-2C61-4407-AFAF-35388D32F90B}.Debug|Any CPU.ActiveCfg = Debug|Any CPU
		{F8F59EF9-2C61-4407-AFAF-35388D32F90B}.Debug|Any CPU.Build.0 = Debug|Any CPU
		{F8F59EF9-2C61-4407-AFAF-35388D32F90B}.Release|Any CPU.ActiveCfg = Release|Any CPU
		{F8F59EF9-2C61-4407-AFAF-35388D32F90B}.Release|Any CPU.Build.0 = Release|Any CPU
	EndGlobalSection
	GlobalSection(SolutionProperties) = preSolution
		HideSolutionNode = FALSE
	EndGlobalSection
	GlobalSection(ExtensibilityGlobals) = postSolution
		SolutionGuid = {C5F1D482-0D28-4669-93B2-818A561FD6E5}
	EndGlobalSection
EndGlobal
