
Microsoft Visual Studio Solution File, Format Version 12.00
# Visual Studio Version 17
VisualStudioVersion = 17.10.35027.167
MinimumVisualStudioVersion = 10.0.40219.1
Project("{FAE04EC0-301F-11D3-BF4B-00C04F79EFBC}") = "Replace_Nested_Conditional_with_Guard_Clauses_After", "Replace_Nested_Conditional_with_Guard_Clauses\Replace_Nested_Conditional_with_Guard_Clauses_After.csproj", "{386E048B-41AA-4FBE-B970-72195C98ABCC}"
EndProject
Project("{FAE04EC0-301F-11D3-BF4B-00C04F79EFBC}") = "Replace_Nested_Conditional_with_Guard_Clauses_Before", "Replace_Nested_Conditional_with_Guard_Clauses_Before\Replace_Nested_Conditional_with_Guard_Clauses_Before.csproj", "{33AD38AB-31A2-445E-81D3-13B089C27BAD}"
EndProject
Global
	GlobalSection(SolutionConfigurationPlatforms) = preSolution
		Debug|Any CPU = Debug|Any CPU
		Release|Any CPU = Release|Any CPU
	EndGlobalSection
	GlobalSection(ProjectConfigurationPlatforms) = postSolution
		{386E048B-41AA-4FBE-B970-72195C98ABCC}.Debug|Any CPU.ActiveCfg = Debug|Any CPU
		{386E048B-41AA-4FBE-B970-72195C98ABCC}.Debug|Any CPU.Build.0 = Debug|Any CPU
		{386E048B-41AA-4FBE-B970-72195C98ABCC}.Release|Any CPU.ActiveCfg = Release|Any CPU
		{386E048B-41AA-4FBE-B970-72195C98ABCC}.Release|Any CPU.Build.0 = Release|Any CPU
		{33AD38AB-31A2-445E-81D3-13B089C27BAD}.Debug|Any CPU.ActiveCfg = Debug|Any CPU
		{33AD38AB-31A2-445E-81D3-13B089C27BAD}.Debug|Any CPU.Build.0 = Debug|Any CPU
		{33AD38AB-31A2-445E-81D3-13B089C27BAD}.Release|Any CPU.ActiveCfg = Release|Any CPU
		{33AD38AB-31A2-445E-81D3-13B089C27BAD}.Release|Any CPU.Build.0 = Release|Any CPU
	EndGlobalSection
	GlobalSection(SolutionProperties) = preSolution
		HideSolutionNode = FALSE
	EndGlobalSection
	GlobalSection(ExtensibilityGlobals) = postSolution
		SolutionGuid = {846C8356-78F3-4D43-82C0-43B024D17A80}
	EndGlobalSection
EndGlobal
